// !$*UTF8*$!
{
	archiveVersion = 1;
	classes = {
	};
	objectVersion = 50;
	objects = {

/* Begin PBXBuildFile section */
		69E39957252E2F35000DC380 /* AppDelegate.m in Sources */ = {isa = PBXBuildFile; fileRef = 69E39956252E2F35000DC380 /* AppDelegate.m */; };
		69E3995A252E2F35000DC380 /* SceneDelegate.m in Sources */ = {isa = PBXBuildFile; fileRef = 69E39959252E2F35000DC380 /* SceneDelegate.m */; };
		69E3995D252E2F35000DC380 /* ViewController.m in Sources */ = {isa = PBXBuildFile; fileRef = 69E3995C252E2F35000DC380 /* ViewController.m */; };
		69E39960252E2F35000DC380 /* Main.storyboard in Resources */ = {isa = PBXBuildFile; fileRef = 69E3995E252E2F35000DC380 /* Main.storyboard */; };
		69E39962252E2F39000DC380 /* Assets.xcassets in Resources */ = {isa = PBXBuildFile; fileRef = 69E39961252E2F39000DC380 /* Assets.xcassets */; };
		69E39965252E2F39000DC380 /* LaunchScreen.storyboard in Resources */ = {isa = PBXBuildFile; fileRef = 69E39963252E2F39000DC380 /* LaunchScreen.storyboard */; };
		69E39968252E2F39000DC380 /* main.m in Sources */ = {isa = PBXBuildFile; fileRef = 69E39967252E2F39000DC380 /* main.m */; };
/* End PBXBuildFile section */

/* Begin PBXFileReference section */
		69E39952252E2F35000DC380 /* OBJ-C_Lesson8.app */ = {isa = PBXFileReference; explicitFileType = wrapper.application; includeInIndex = 0; path = "OBJ-C_Lesson8.app"; sourceTree = BUILT_PRODUCTS_DIR; };
		69E39955252E2F35000DC380 /* AppDelegate.h */ = {isa = PBXFileReference; lastKnownFileType = sourcecode.c.h; path = AppDelegate.h; sourceTree = "<group>"; };
		69E39956252E2F35000DC380 /* AppDelegate.m */ = {isa = PBXFileReference; lastKnownFileType = sourcecode.c.objc; path = AppDelegate.m; sourceTree = "<group>"; };
		69E39958252E2F35000DC380 /* SceneDelegate.h */ = {isa = PBXFileReference; lastKnownFileType = sourcecode.c.h; path = SceneDelegate.h; sourceTree = "<group>"; };
		69E39959252E2F35000DC380 /* SceneDelegate.m */ = {isa = PBXFileReference; lastKnownFileType = sourcecode.c.objc; path = SceneDelegate.m; sourceTree = "<group>"; };
		69E3995B252E2F35000DC380 /* ViewController.h */ = {isa = PBXFileReference; lastKnownFileType = sourcecode.c.h; path = ViewController.h; sourceTree = "<group>"; };
		69E3995C252E2F35000DC380 /* ViewController.m */ = {isa = PBXFileReference; lastKnownFileType = sourcecode.c.objc; path = ViewController.m; sourceTree = "<group>"; };
		69E3995F252E2F35000DC380 /* Base */ = {isa = PBXFileReference; lastKnownFileType = file.storyboard; name = Base; path = Base.lproj/Main.storyboard; sourceTree = "<group>"; };
		69E39961252E2F39000DC380 /* Assets.xcassets */ = {isa = PBXFileReference; lastKnownFileType = folder.assetcatalog; path = Assets.xcassets; sourceTree = "<group>"; };
		69E39964252E2F39000DC380 /* Base */ = {isa = PBXFileReference; lastKnownFileType = file.storyboard; name = Base; path = Base.lproj/LaunchScreen.storyboard; sourceTree = "<group>"; };
		69E39966252E2F39000DC380 /* Info.plist */ = {isa = PBXFileReference; lastKnownFileType = text.plist.xml; path = Info.plist; sourceTree = "<group>"; };
		69E39967252E2F39000DC380 /* main.m */ = {isa = PBXFileReference; lastKnownFileType = sourcecode.c.objc; path = main.m; sourceTree = "<group>"; };
/* End PBXFileReference section */

/* Begin PBXFrameworksBuildPhase section */
		69E3994F252E2F35000DC380 /* Frameworks */ = {
			isa = PBXFrameworksBuildPhase;
			buildActionMask = 2147483647;
			files = (
			);
			runOnlyForDeploymentPostprocessing = 0;
		};
/* End PBXFrameworksBuildPhase section */

/* Begin PBXGroup section */
		69E39949252E2F35000DC380 = {
			isa = PBXGroup;
			children = (
				69E39954252E2F35000DC380 /* OBJ-C_Lesson8 */,
				69E39953252E2F35000DC380 /* Products */,
			);
			sourceTree = "<group>";
		};
		69E39953252E2F35000DC380 /* Products */ = {
			isa = PBXGroup;
			children = (
				69E39952252E2F35000DC380 /* OBJ-C_Lesson8.app */,
			);
			name = Products;
			sourceTree = "<group>";
		};
		69E39954252E2F35000DC380 /* OBJ-C_Lesson8 */ = {
			isa = PBXGroup;
			children = (
				69E39955252E2F35000DC380 /* AppDelegate.h */,
				69E39956252E2F35000DC380 /* AppDelegate.m */,
				69E39958252E2F35000DC380 /* SceneDelegate.h */,
				69E39959252E2F35000DC380 /* SceneDelegate.m */,
				69E3995B252E2F35000DC380 /* ViewController.h */,
				69E3995C252E2F35000DC380 /* ViewController.m */,
				69E3995E252E2F35000DC380 /* Main.storyboard */,
				69E39961252E2F39000DC380 /* Assets.xcassets */,
				69E39963252E2F39000DC380 /* LaunchScreen.storyboard */,
				69E39966252E2F39000DC380 /* Info.plist */,
				69E39967252E2F39000DC380 /* main.m */,
			);
			path = "OBJ-C_Lesson8";
			sourceTree = "<group>";
		};
/* End PBXGroup section */

/* Begin PBXNativeTarget section */
		69E39951252E2F35000DC380 /* OBJ-C_Lesson8 */ = {
			isa = PBXNativeTarget;
			buildConfigurationList = 69E3996B252E2F39000DC380 /* Build configuration list for PBXNativeTarget "OBJ-C_Lesson8" */;
			buildPhases = (
				69E3994E252E2F35000DC380 /* Sources */,
				69E3994F252E2F35000DC380 /* Frameworks */,
				69E39950252E2F35000DC380 /* Resources */,
			);
			buildRules = (
			);
			dependencies = (
			);
			name = "OBJ-C_Lesson8";
			productName = "OBJ-C_Lesson8";
			productReference = 69E39952252E2F35000DC380 /* OBJ-C_Lesson8.app */;
			productType = "com.apple.product-type.application";
		};
/* End PBXNativeTarget section */

/* Begin PBXProject section */
		69E3994A252E2F35000DC380 /* Project object */ = {
			isa = PBXProject;
			attributes = {
				LastUpgradeCheck = 1200;
				TargetAttributes = {
					69E39951252E2F35000DC380 = {
						CreatedOnToolsVersion = 12.0.1;
					};
				};
			};
			buildConfigurationList = 69E3994D252E2F35000DC380 /* Build configuration list for PBXProject "OBJ-C_Lesson8" */;
			compatibilityVersion = "Xcode 9.3";
			developmentRegion = en;
			hasScannedForEncodings = 0;
			knownRegions = (
				en,
				Base,
			);
			mainGroup = 69E39949252E2F35000DC380;
			productRefGroup = 69E39953252E2F35000DC380 /* Products */;
			projectDirPath = "";
			projectRoot = "";
			targets = (
				69E39951252E2F35000DC380 /* OBJ-C_Lesson8 */,
			);
		};
/* End PBXProject section */

/* Begin PBXResourcesBuildPhase section */
		69E39950252E2F35000DC380 /* Resources */ = {
			isa = PBXResourcesBuildPhase;
			buildActionMask = 2147483647;
			files = (
				69E39965252E2F39000DC380 /* LaunchScreen.storyboard in Resources */,
				69E39962252E2F39000DC380 /* Assets.xcassets in Resources */,
				69E39960252E2F35000DC380 /* Main.storyboard in Resources */,
			);
			runOnlyForDeploymentPostprocessing = 0;
		};
/* End PBXResourcesBuildPhase section */

/* Begin PBXSourcesBuildPhase section */
		69E3994E252E2F35000DC380 /* Sources */ = {
			isa = PBXSourcesBuildPhase;
			buildActionMask = 2147483647;
			files = (
				69E3995D252E2F35000DC380 /* ViewController.m in Sources */,
				69E39957252E2F35000DC380 /* AppDelegate.m in Sources */,
				69E39968252E2F39000DC380 /* main.m in Sources */,
				69E3995A252E2F35000DC380 /* SceneDelegate.m in Sources */,
			);
			runOnlyForDeploymentPostprocessing = 0;
		};
/* End PBXSourcesBuildPhase section */

/* Begin PBXVariantGroup section */
		69E3995E252E2F35000DC380 /* Main.storyboard */ = {
			isa = PBXVariantGroup;
			children = (
				69E3995F252E2F35000DC380 /* Base */,
			);
			name = Main.storyboard;
			sourceTree = "<group>";
		};
		69E39963252E2F39000DC380 /* LaunchScreen.storyboard */ = {
			isa = PBXVariantGroup;
			children = (
				69E39964252E2F39000DC380 /* Base */,
			);
			name = LaunchScreen.storyboard;
			sourceTree = "<group>";
		};
/* End PBXVariantGroup section */

/* Begin XCBuildConfiguration section */
		69E39969252E2F39000DC380 /* Debug */ = {
			isa = XCBuildConfiguration;
			buildSettings = {
				ALWAYS_SEARCH_USER_PATHS = NO;
				CLANG_ANALYZER_NONNULL = YES;
				CLANG_ANALYZER_NUMBER_OBJECT_CONVERSION = YES_AGGRESSIVE;
				CLANG_CXX_LANGUAGE_STANDARD = "gnu++14";
				CLANG_CXX_LIBRARY = "libc++";
				CLANG_ENABLE_MODULES = YES;
				CLANG_ENABLE_OBJC_ARC = YES;
				CLANG_ENABLE_OBJC_WEAK = YES;
				CLANG_WARN_BLOCK_CAPTURE_AUTORELEASING = YES;
				CLANG_WARN_BOOL_CONVERSION = YES;
				CLANG_WARN_COMMA = YES;
				CLANG_WARN_CONSTANT_CONVERSION = YES;
				CLANG_WARN_DEPRECATED_OBJC_IMPLEMENTATIONS = YES;
				CLANG_WARN_DIRECT_OBJC_ISA_USAGE = YES_ERROR;
				CLANG_WARN_DOCUMENTATION_COMMENTS = YES;
				CLANG_WARN_EMPTY_BODY = YES;
				CLANG_WARN_ENUM_CONVERSION = YES;
				CLANG_WARN_INFINITE_RECURSION = YES;
				CLANG_WARN_INT_CONVERSION = YES;
				CLANG_WARN_NON_LITERAL_NULL_CONVERSION = YES;
				CLANG_WARN_OBJC_IMPLICIT_RETAIN_SELF = YES;
				CLANG_WARN_OBJC_LITERAL_CONVERSION = YES;
				CLANG_WARN_OBJC_ROOT_CLASS = YES_ERROR;
				CLANG_WARN_QUOTED_INCLUDE_IN_FRAMEWORK_HEADER = YES;
				CLANG_WARN_RANGE_LOOP_ANALYSIS = YES;
				CLANG_WARN_STRICT_PROTOTYPES = YES;
				CLANG_WARN_SUSPICIOUS_MOVE = YES;
				CLANG_WARN_UNGUARDED_AVAILABILITY = YES_AGGRESSIVE;
				CLANG_WARN_UNREACHABLE_CODE = YES;
				CLANG_WARN__DUPLICATE_METHOD_MATCH = YES;
				COPY_PHASE_STRIP = NO;
				DEBUG_INFORMATION_FORMAT = dwarf;
				ENABLE_STRICT_OBJC_MSGSEND = YES;
				ENABLE_TESTABILITY = YES;
				GCC_C_LANGUAGE_STANDARD = gnu11;
				GCC_DYNAMIC_NO_PIC = NO;
				GCC_NO_COMMON_BLOCKS = YES;
				GCC_OPTIMIZATION_LEVEL = 0;
				GCC_PREPROCESSOR_DEFINITIONS = (
					"DEBUG=1",
					"$(inherited)",
				);
				GCC_WARN_64_TO_32_BIT_CONVERSION = YES;
				GCC_WARN_ABOUT_RETURN_TYPE = YES_ERROR;
				GCC_WARN_UNDECLARED_SELECTOR = YES;
				GCC_WARN_UNINITIALIZED_AUTOS = YES_AGGRESSIVE;
				GCC_WARN_UNUSED_FUNCTION = YES;
				GCC_WARN_UNUSED_VARIABLE = YES;
				IPHONEOS_DEPLOYMENT_TARGET = 14.0;
				MTL_ENABLE_DEBUG_INFO = INCLUDE_SOURCE;
				MTL_FAST_MATH = YES;
				ONLY_ACTIVE_ARCH = YES;
				SDKROOT = iphoneos;
			};
			name = Debug;
		};
		69E3996A252E2F39000DC380 /* Release */ = {
			isa = XCBuildConfiguration;
			buildSettings = {
				ALWAYS_SEARCH_USER_PATHS = NO;
				CLANG_ANALYZER_NONNULL = YES;
				CLANG_ANALYZER_NUMBER_OBJECT_CONVERSION = YES_AGGRESSIVE;
				CLANG_CXX_LANGUAGE_STANDARD = "gnu++14";
				CLANG_CXX_LIBRARY = "libc++";
				CLANG_ENABLE_MODULES = YES;
				CLANG_ENABLE_OBJC_ARC = YES;
				CLANG_ENABLE_OBJC_WEAK = YES;
				CLANG_WARN_BLOCK_CAPTURE_AUTORELEASING = YES;
				CLANG_WARN_BOOL_CONVERSION = YES;
				CLANG_WARN_COMMA = YES;
				CLANG_WARN_CONSTANT_CONVERSION = YES;
				CLANG_WARN_DEPRECATED_OBJC_IMPLEMENTATIONS = YES;
				CLANG_WARN_DIRECT_OBJC_ISA_USAGE = YES_ERROR;
				CLANG_WARN_DOCUMENTATION_COMMENTS = YES;
				CLANG_WARN_EMPTY_BODY = YES;
				CLANG_WARN_ENUM_CONVERSION = YES;
				CLANG_WARN_INFINITE_RECURSION = YES;
				CLANG_WARN_INT_CONVERSION = YES;
				CLANG_WARN_NON_LITERAL_NULL_CONVERSION = YES;
				CLANG_WARN_OBJC_IMPLICIT_RETAIN_SELF = YES;
				CLANG_WARN_OBJC_LITERAL_CONVERSION = YES;
				CLANG_WARN_OBJC_ROOT_CLASS = YES_ERROR;
				CLANG_WARN_QUOTED_INCLUDE_IN_FRAMEWORK_HEADER = YES;
				CLANG_WARN_RANGE_LOOP_ANALYSIS = YES;
				CLANG_WARN_STRICT_PROTOTYPES = YES;
				CLANG_WARN_SUSPICIOUS_MOVE = YES;
				CLANG_WARN_UNGUARDED_AVAILABILITY = YES_AGGRESSIVE;
				CLANG_WARN_UNREACHABLE_CODE = YES;
				CLANG_WARN__DUPLICATE_METHOD_MATCH = YES;
				COPY_PHASE_STRIP = NO;
				DEBUG_INFORMATION_FORMAT = "dwarf-with-dsym";
				ENABLE_NS_ASSERTIONS = NO;
				ENABLE_STRICT_OBJC_MSGSEND = YES;
				GCC_C_LANGUAGE_STANDARD = gnu11;
				GCC_NO_COMMON_BLOCKS = YES;
				GCC_WARN_64_TO_32_BIT_CONVERSION = YES;
				GCC_WARN_ABOUT_RETURN_TYPE = YES_ERROR;
				GCC_WARN_UNDECLARED_SELECTOR = YES;
				GCC_WARN_UNINITIALIZED_AUTOS = YES_AGGRESSIVE;
				GCC_WARN_UNUSED_FUNCTION = YES;
				GCC_WARN_UNUSED_VARIABLE = YES;
				IPHONEOS_DEPLOYMENT_TARGET = 14.0;
				MTL_ENABLE_DEBUG_INFO = NO;
				MTL_FAST_MATH = YES;
				SDKROOT = iphoneos;
				VALIDATE_PRODUCT = YES;
			};
			name = Release;
		};
		69E3996C252E2F39000DC380 /* Debug */ = {
			isa = XCBuildConfiguration;
			buildSettings = {
				ASSETCATALOG_COMPILER_APPICON_NAME = AppIcon;
				ASSETCATALOG_COMPILER_GLOBAL_ACCENT_COLOR_NAME = AccentColor;
				CODE_SIGN_STYLE = Automatic;
				DEVELOPMENT_TEAM = PP7W3PD67Z;
				INFOPLIST_FILE = "OBJ-C_Lesson8/Info.plist";
				LD_RUNPATH_SEARCH_PATHS = (
					"$(inherited)",
					"@executable_path/Frameworks",
				);
				PRODUCT_BUNDLE_IDENTIFIER = "com.angel.senpai.OBJ-C-Lesson8";
				PRODUCT_NAME = "$(TARGET_NAME)";
				TARGETED_DEVICE_FAMILY = "1,2";
			};
			name = Debug;
		};
		69E3996D252E2F39000DC380 /* Release */ = {
			isa = XCBuildConfiguration;
			buildSettings = {
				ASSETCATALOG_COMPILER_APPICON_NAME = AppIcon;
				ASSETCATALOG_COMPILER_GLOBAL_ACCENT_COLOR_NAME = AccentColor;
				CODE_SIGN_STYLE = Automatic;
				DEVELOPMENT_TEAM = PP7W3PD67Z;
				INFOPLIST_FILE = "OBJ-C_Lesson8/Info.plist";
				LD_RUNPATH_SEARCH_PATHS = (
					"$(inherited)",
					"@executable_path/Frameworks",
				);
				PRODUCT_BUNDLE_IDENTIFIER = "com.angel.senpai.OBJ-C-Lesson8";
				PRODUCT_NAME = "$(TARGET_NAME)";
				TARGETED_DEVICE_FAMILY = "1,2";
			};
			name = Release;
		};
/* End XCBuildConfiguration section */

/* Begin XCConfigurationList section */
		69E3994D252E2F35000DC380 /* Build configuration list for PBXProject "OBJ-C_Lesson8" */ = {
			isa = XCConfigurationList;
			buildConfigurations = (
				69E39969252E2F39000DC380 /* Debug */,
				69E3996A252E2F39000DC380 /* Release */,
			);
			defaultConfigurationIsVisible = 0;
			defaultConfigurationName = Release;
		};
		69E3996B252E2F39000DC380 /* Build configuration list for PBXNativeTarget "OBJ-C_Lesson8" */ = {
			isa = XCConfigurationList;
			buildConfigurations = (
				69E3996C252E2F39000DC380 /* Debug */,
				69E3996D252E2F39000DC380 /* Release */,
			);
			defaultConfigurationIsVisible = 0;
			defaultConfigurationName = Release;
		};
/* End XCConfigurationList section */
	};
	rootObject = 69E3994A252E2F35000DC380 /* Project object */;
}
